
Microsoft Visual Studio Solution File, Format Version 12.00
# Visual Studio Version 16
VisualStudioVersion = 16.0.31624.102
MinimumVisualStudioVersion = 10.0.40219.1
Project("{FAE04EC0-301F-11D3-BF4B-00C04F79EFBC}") = "Es9-Trigger", "Es9-Trigger\Es9-Trigger.csproj", "{3BF35762-9130-488A-8D33-6BDBBE676A89}"
EndProject
Global
	GlobalSection(SolutionConfigurationPlatforms) = preSolution
		Debug|Any CPU = Debug|Any CPU
		Release|Any CPU = Release|Any CPU
	EndGlobalSection
	GlobalSection(ProjectConfigurationPlatforms) = postSolution
		{3BF35762-9130-488A-8D33-6BDBBE676A89}.Debug|Any CPU.ActiveCfg = Debug|Any CPU
		{3BF35762-9130-488A-8D33-6BDBBE676A89}.Debug|Any CPU.Build.0 = Debug|Any CPU
		{3BF35762-9130-488A-8D33-6BDBBE676A89}.Release|Any CPU.ActiveCfg = Release|Any CPU
		{3BF35762-9130-488A-8D33-6BDBBE676A89}.Release|Any CPU.Build.0 = Release|Any CPU
	EndGlobalSection
	GlobalSection(SolutionProperties) = preSolution
		HideSolutionNode = FALSE
	EndGlobalSection
	GlobalSection(ExtensibilityGlobals) = postSolution
		SolutionGuid = {FB553D3A-BFF7-4A64-A6B9-C86F8CFCDF5E}
	EndGlobalSection
EndGlobal
